
Microsoft Visual Studio Solution File, Format Version 12.00
# Visual Studio 15
VisualStudioVersion = 15.0.26730.16
MinimumVisualStudioVersion = 10.0.40219.1
Project("{FAE04EC0-301F-11D3-BF4B-00C04F79EFBC}") = "FavourApp.Android", "FavourApp\FavourApp.Android\FavourApp.Android.csproj", "{2CC32DB3-1C59-4365-81DC-1B4FF4518523}"
EndProject
Project("{FAE04EC0-301F-11D3-BF4B-00C04F79EFBC}") = "FavourApp", "FavourApp\FavourApp\FavourApp.csproj", "{A44C0363-C236-4927-85FD-CB41534B8AD6}"
EndProject
Project("{FAE04EC0-301F-11D3-BF4B-00C04F79EFBC}") = "FavourApp.iOS", "FavourApp\FavourApp.iOS\FavourApp.iOS.csproj", "{BB6D1BE4-E4BD-4AA7-8615-77AC28F57B4A}"
EndProject
Global
	GlobalSection(SolutionConfigurationPlatforms) = preSolution
		Ad-Hoc|Any CPU = Ad-Hoc|Any CPU
		Ad-Hoc|ARM = Ad-Hoc|ARM
		Ad-Hoc|iPhone = Ad-Hoc|iPhone
		Ad-Hoc|iPhoneSimulator = Ad-Hoc|iPhoneSimulator
		Ad-Hoc|x64 = Ad-Hoc|x64
		Ad-Hoc|x86 = Ad-Hoc|x86
		AppStore|Any CPU = AppStore|Any CPU
		AppStore|ARM = AppStore|ARM
		AppStore|iPhone = AppStore|iPhone
		AppStore|iPhoneSimulator = AppStore|iPhoneSimulator
		AppStore|x64 = AppStore|x64
		AppStore|x86 = AppStore|x86
		Debug|Any CPU = Debug|Any CPU
		Debug|ARM = Debug|ARM
		Debug|iPhone = Debug|iPhone
		Debug|iPhoneSimulator = Debug|iPhoneSimulator
		Debug|x64 = Debug|x64
		Debug|x86 = Debug|x86
		Release|Any CPU = Release|Any CPU
		Release|ARM = Release|ARM
		Release|iPhone = Release|iPhone
		Release|iPhoneSimulator = Release|iPhoneSimulator
		Release|x64 = Release|x64
		Release|x86 = Release|x86
	EndGlobalSection
	GlobalSection(ProjectConfigurationPlatforms) = postSolution
		{2CC32DB3-1C59-4365-81DC-1B4FF4518523}.Ad-Hoc|Any CPU.ActiveCfg = Release|Any CPU
		{2CC32DB3-1C59-4365-81DC-1B4FF4518523}.Ad-Hoc|Any CPU.Build.0 = Release|Any CPU
		{2CC32DB3-1C59-4365-81DC-1B4FF4518523}.Ad-Hoc|Any CPU.Deploy.0 = Release|Any CPU
		{2CC32DB3-1C59-4365-81DC-1B4FF4518523}.Ad-Hoc|ARM.ActiveCfg = Release|Any CPU
		{2CC32DB3-1C59-4365-81DC-1B4FF4518523}.Ad-Hoc|ARM.Build.0 = Release|Any CPU
		{2CC32DB3-1C59-4365-81DC-1B4FF4518523}.Ad-Hoc|ARM.Deploy.0 = Release|Any CPU
		{2CC32DB3-1C59-4365-81DC-1B4FF4518523}.Ad-Hoc|iPhone.ActiveCfg = Release|Any CPU
		{2CC32DB3-1C59-4365-81DC-1B4FF4518523}.Ad-Hoc|iPhone.Build.0 = Release|Any CPU
		{2CC32DB3-1C59-4365-81DC-1B4FF4518523}.Ad-Hoc|iPhone.Deploy.0 = Release|Any CPU
		{2CC32DB3-1C59-4365-81DC-1B4FF4518523}.Ad-Hoc|iPhoneSimulator.ActiveCfg = Release|Any CPU
		{2CC32DB3-1C59-4365-81DC-1B4FF4518523}.Ad-Hoc|iPhoneSimulator.Build.0 = Release|Any CPU
		{2CC32DB3-1C59-4365-81DC-1B4FF4518523}.Ad-Hoc|iPhoneSimulator.Deploy.0 = Release|Any CPU
		{2CC32DB3-1C59-4365-81DC-1B4FF4518523}.Ad-Hoc|x64.ActiveCfg = Release|Any CPU
		{2CC32DB3-1C59-4365-81DC-1B4FF4518523}.Ad-Hoc|x64.Build.0 = Release|Any CPU
		{2CC32DB3-1C59-4365-81DC-1B4FF4518523}.Ad-Hoc|x64.Deploy.0 = Release|Any CPU
		{2CC32DB3-1C59-4365-81DC-1B4FF4518523}.Ad-Hoc|x86.ActiveCfg = Release|Any CPU
		{2CC32DB3-1C59-4365-81DC-1B4FF4518523}.Ad-Hoc|x86.Build.0 = Release|Any CPU
		{2CC32DB3-1C59-4365-81DC-1B4FF4518523}.Ad-Hoc|x86.Deploy.0 = Release|Any CPU
		{2CC32DB3-1C59-4365-81DC-1B4FF4518523}.AppStore|Any CPU.ActiveCfg = Release|Any CPU
		{2CC32DB3-1C59-4365-81DC-1B4FF4518523}.AppStore|Any CPU.Build.0 = Release|Any CPU
		{2CC32DB3-1C59-4365-81DC-1B4FF4518523}.AppStore|Any CPU.Deploy.0 = Release|Any CPU
		{2CC32DB3-1C59-4365-81DC-1B4FF4518523}.AppStore|ARM.ActiveCfg = Release|Any CPU
		{2CC32DB3-1C59-4365-81DC-1B4FF4518523}.AppStore|ARM.Build.0 = Release|Any CPU
		{2CC32DB3-1C59-4365-81DC-1B4FF4518523}.AppStore|ARM.Deploy.0 = Release|Any CPU
		{2CC32DB3-1C59-4365-81DC-1B4FF4518523}.AppStore|iPhone.ActiveCfg = Release|Any CPU
		{2CC32DB3-1C59-4365-81DC-1B4FF4518523}.AppStore|iPhone.Build.0 = Release|Any CPU
		{2CC32DB3-1C59-4365-81DC-1B4FF4518523}.AppStore|iPhone.Deploy.0 = Release|Any CPU
		{2CC32DB3-1C59-4365-81DC-1B4FF4518523}.AppStore|iPhoneSimulator.ActiveCfg = Release|Any CPU
		{2CC32DB3-1C59-4365-81DC-1B4FF4518523}.AppStore|iPhoneSimulator.Build.0 = Release|Any CPU
		{2CC32DB3-1C59-4365-81DC-1B4FF4518523}.AppStore|iPhoneSimulator.Deploy.0 = Release|Any CPU
		{2CC32DB3-1C59-4365-81DC-1B4FF4518523}.AppStore|x64.ActiveCfg = Release|Any CPU
		{2CC32DB3-1C59-4365-81DC-1B4FF4518523}.AppStore|x64.Build.0 = Release|Any CPU
		{2CC32DB3-1C59-4365-81DC-1B4FF4518523}.AppStore|x64.Deploy.0 = Release|Any CPU
		{2CC32DB3-1C59-4365-81DC-1B4FF4518523}.AppStore|x86.ActiveCfg = Release|Any CPU
		{2CC32DB3-1C59-4365-81DC-1B4FF4518523}.AppStore|x86.Build.0 = Release|Any CPU
		{2CC32DB3-1C59-4365-81DC-1B4FF4518523}.AppStore|x86.Deploy.0 = Release|Any CPU
		{2CC32DB3-1C59-4365-81DC-1B4FF4518523}.Debug|Any CPU.ActiveCfg = Debug|Any CPU
		{2CC32DB3-1C59-4365-81DC-1B4FF4518523}.Debug|Any CPU.Build.0 = Debug|Any CPU
		{2CC32DB3-1C59-4365-81DC-1B4FF4518523}.Debug|Any CPU.Deploy.0 = Debug|Any CPU
		{2CC32DB3-1C59-4365-81DC-1B4FF4518523}.Debug|ARM.ActiveCfg = Debug|Any CPU
		{2CC32DB3-1C59-4365-81DC-1B4FF4518523}.Debug|ARM.Build.0 = Debug|Any CPU
		{2CC32DB3-1C59-4365-81DC-1B4FF4518523}.Debug|ARM.Deploy.0 = Debug|Any CPU
		{2CC32DB3-1C59-4365-81DC-1B4FF4518523}.Debug|iPhone.ActiveCfg = Debug|Any CPU
		{2CC32DB3-1C59-4365-81DC-1B4FF4518523}.Debug|iPhone.Build.0 = Debug|Any CPU
		{2CC32DB3-1C59-4365-81DC-1B4FF4518523}.Debug|iPhone.Deploy.0 = Debug|Any CPU
		{2CC32DB3-1C59-4365-81DC-1B4FF4518523}.Debug|iPhoneSimulator.ActiveCfg = Debug|Any CPU
		{2CC32DB3-1C59-4365-81DC-1B4FF4518523}.Debug|iPhoneSimulator.Build.0 = Debug|Any CPU
		{2CC32DB3-1C59-4365-81DC-1B4FF4518523}.Debug|iPhoneSimulator.Deploy.0 = Debug|Any CPU
		{2CC32DB3-1C59-4365-81DC-1B4FF4518523}.Debug|x64.ActiveCfg = Debug|Any CPU
		{2CC32DB3-1C59-4365-81DC-1B4FF4518523}.Debug|x64.Build.0 = Debug|Any CPU
		{2CC32DB3-1C59-4365-81DC-1B4FF4518523}.Debug|x64.Deploy.0 = Debug|Any CPU
		{2CC32DB3-1C59-4365-81DC-1B4FF4518523}.Debug|x86.ActiveCfg = Debug|Any CPU
		{2CC32DB3-1C59-4365-81DC-1B4FF4518523}.Debug|x86.Build.0 = Debug|Any CPU
		{2CC32DB3-1C59-4365-81DC-1B4FF4518523}.Debug|x86.Deploy.0 = Debug|Any CPU
		{2CC32DB3-1C59-4365-81DC-1B4FF4518523}.Release|Any CPU.ActiveCfg = Release|Any CPU
		{2CC32DB3-1C59-4365-81DC-1B4FF4518523}.Release|Any CPU.Build.0 = Release|Any CPU
		{2CC32DB3-1C59-4365-81DC-1B4FF4518523}.Release|Any CPU.Deploy.0 = Release|Any CPU
		{2CC32DB3-1C59-4365-81DC-1B4FF4518523}.Release|ARM.ActiveCfg = Release|Any CPU
		{2CC32DB3-1C59-4365-81DC-1B4FF4518523}.Release|ARM.Build.0 = Release|Any CPU
		{2CC32DB3-1C59-4365-81DC-1B4FF4518523}.Release|ARM.Deploy.0 = Release|Any CPU
		{2CC32DB3-1C59-4365-81DC-1B4FF4518523}.Release|iPhone.ActiveCfg = Release|Any CPU
		{2CC32DB3-1C59-4365-81DC-1B4FF4518523}.Release|iPhone.Build.0 = Release|Any CPU
		{2CC32DB3-1C59-4365-81DC-1B4FF4518523}.Release|iPhone.Deploy.0 = Release|Any CPU
		{2CC32DB3-1C59-4365-81DC-1B4FF4518523}.Release|iPhoneSimulator.ActiveCfg = Release|Any CPU
		{2CC32DB3-1C59-4365-81DC-1B4FF4518523}.Release|iPhoneSimulator.Build.0 = Release|Any CPU
		{2CC32DB3-1C59-4365-81DC-1B4FF4518523}.Release|iPhoneSimulator.Deploy.0 = Release|Any CPU
		{2CC32DB3-1C59-4365-81DC-1B4FF4518523}.Release|x64.ActiveCfg = Release|Any CPU
		{2CC32DB3-1C59-4365-81DC-1B4FF4518523}.Release|x64.Build.0 = Release|Any CPU
		{2CC32DB3-1C59-4365-81DC-1B4FF4518523}.Release|x64.Deploy.0 = Release|Any CPU
		{2CC32DB3-1C59-4365-81DC-1B4FF4518523}.Release|x86.ActiveCfg = Release|Any CPU
		{2CC32DB3-1C59-4365-81DC-1B4FF4518523}.Release|x86.Build.0 = Release|Any CPU
		{2CC32DB3-1C59-4365-81DC-1B4FF4518523}.Release|x86.Deploy.0 = Release|Any CPU
		{A44C0363-C236-4927-85FD-CB41534B8AD6}.Ad-Hoc|Any CPU.ActiveCfg = Release|Any CPU
		{A44C0363-C236-4927-85FD-CB41534B8AD6}.Ad-Hoc|Any CPU.Build.0 = Release|Any CPU
		{A44C0363-C236-4927-85FD-CB41534B8AD6}.Ad-Hoc|ARM.ActiveCfg = Release|Any CPU
		{A44C0363-C236-4927-85FD-CB41534B8AD6}.Ad-Hoc|ARM.Build.0 = Release|Any CPU
		{A44C0363-C236-4927-85FD-CB41534B8AD6}.Ad-Hoc|iPhone.ActiveCfg = Release|Any CPU
		{A44C0363-C236-4927-85FD-CB41534B8AD6}.Ad-Hoc|iPhone.Build.0 = Release|Any CPU
		{A44C0363-C236-4927-85FD-CB41534B8AD6}.Ad-Hoc|iPhoneSimulator.ActiveCfg = Release|Any CPU
		{A44C0363-C236-4927-85FD-CB41534B8AD6}.Ad-Hoc|iPhoneSimulator.Build.0 = Release|Any CPU
		{A44C0363-C236-4927-85FD-CB41534B8AD6}.Ad-Hoc|x64.ActiveCfg = Release|Any CPU
		{A44C0363-C236-4927-85FD-CB41534B8AD6}.Ad-Hoc|x64.Build.0 = Release|Any CPU
		{A44C0363-C236-4927-85FD-CB41534B8AD6}.Ad-Hoc|x86.ActiveCfg = Release|Any CPU
		{A44C0363-C236-4927-85FD-CB41534B8AD6}.Ad-Hoc|x86.Build.0 = Release|Any CPU
		{A44C0363-C236-4927-85FD-CB41534B8AD6}.AppStore|Any CPU.ActiveCfg = Release|Any CPU
		{A44C0363-C236-4927-85FD-CB41534B8AD6}.AppStore|Any CPU.Build.0 = Release|Any CPU
		{A44C0363-C236-4927-85FD-CB41534B8AD6}.AppStore|ARM.ActiveCfg = Release|Any CPU
		{A44C0363-C236-4927-85FD-CB41534B8AD6}.AppStore|ARM.Build.0 = Release|Any CPU
		{A44C0363-C236-4927-85FD-CB41534B8AD6}.AppStore|iPhone.ActiveCfg = Release|Any CPU
		{A44C0363-C236-4927-85FD-CB41534B8AD6}.AppStore|iPhone.Build.0 = Release|Any CPU
		{A44C0363-C236-4927-85FD-CB41534B8AD6}.AppStore|iPhoneSimulator.ActiveCfg = Release|Any CPU
		{A44C0363-C236-4927-85FD-CB41534B8AD6}.AppStore|iPhoneSimulator.Build.0 = Release|Any CPU
		{A44C0363-C236-4927-85FD-CB41534B8AD6}.AppStore|x64.ActiveCfg = Release|Any CPU
		{A44C0363-C236-4927-85FD-CB41534B8AD6}.AppStore|x64.Build.0 = Release|Any CPU
		{A44C0363-C236-4927-85FD-CB41534B8AD6}.AppStore|x86.ActiveCfg = Release|Any CPU
		{A44C0363-C236-4927-85FD-CB41534B8AD6}.AppStore|x86.Build.0 = Release|Any CPU
		{A44C0363-C236-4927-85FD-CB41534B8AD6}.Debug|Any CPU.ActiveCfg = Debug|Any CPU
		{A44C0363-C236-4927-85FD-CB41534B8AD6}.Debug|Any CPU.Build.0 = Debug|Any CPU
		{A44C0363-C236-4927-85FD-CB41534B8AD6}.Debug|ARM.ActiveCfg = Debug|Any CPU
		{A44C0363-C236-4927-85FD-CB41534B8AD6}.Debug|ARM.Build.0 = Debug|Any CPU
		{A44C0363-C236-4927-85FD-CB41534B8AD6}.Debug|iPhone.ActiveCfg = Debug|Any CPU
		{A44C0363-C236-4927-85FD-CB41534B8AD6}.Debug|iPhone.Build.0 = Debug|Any CPU
		{A44C0363-C236-4927-85FD-CB41534B8AD6}.Debug|iPhoneSimulator.ActiveCfg = Debug|Any CPU
		{A44C0363-C236-4927-85FD-CB41534B8AD6}.Debug|iPhoneSimulator.Build.0 = Debug|Any CPU
		{A44C0363-C236-4927-85FD-CB41534B8AD6}.Debug|x64.ActiveCfg = Debug|Any CPU
		{A44C0363-C236-4927-85FD-CB41534B8AD6}.Debug|x64.Build.0 = Debug|Any CPU
		{A44C0363-C236-4927-85FD-CB41534B8AD6}.Debug|x86.ActiveCfg = Debug|Any CPU
		{A44C0363-C236-4927-85FD-CB41534B8AD6}.Debug|x86.Build.0 = Debug|Any CPU
		{A44C0363-C236-4927-85FD-CB41534B8AD6}.Release|Any CPU.ActiveCfg = Release|Any CPU
		{A44C0363-C236-4927-85FD-CB41534B8AD6}.Release|Any CPU.Build.0 = Release|Any CPU
		{A44C0363-C236-4927-85FD-CB41534B8AD6}.Release|ARM.ActiveCfg = Release|Any CPU
		{A44C0363-C236-4927-85FD-CB41534B8AD6}.Release|ARM.Build.0 = Release|Any CPU
		{A44C0363-C236-4927-85FD-CB41534B8AD6}.Release|iPhone.ActiveCfg = Release|Any CPU
		{A44C0363-C236-4927-85FD-CB41534B8AD6}.Release|iPhone.Build.0 = Release|Any CPU
		{A44C0363-C236-4927-85FD-CB41534B8AD6}.Release|iPhoneSimulator.ActiveCfg = Release|Any CPU
		{A44C0363-C236-4927-85FD-CB41534B8AD6}.Release|iPhoneSimulator.Build.0 = Release|Any CPU
		{A44C0363-C236-4927-85FD-CB41534B8AD6}.Release|x64.ActiveCfg = Release|Any CPU
		{A44C0363-C236-4927-85FD-CB41534B8AD6}.Release|x64.Build.0 = Release|Any CPU
		{A44C0363-C236-4927-85FD-CB41534B8AD6}.Release|x86.ActiveCfg = Release|Any CPU
		{A44C0363-C236-4927-85FD-CB41534B8AD6}.Release|x86.Build.0 = Release|Any CPU
		{BB6D1BE4-E4BD-4AA7-8615-77AC28F57B4A}.Ad-Hoc|Any CPU.ActiveCfg = Ad-Hoc|iPhone
		{BB6D1BE4-E4BD-4AA7-8615-77AC28F57B4A}.Ad-Hoc|ARM.ActiveCfg = Ad-Hoc|iPhone
		{BB6D1BE4-E4BD-4AA7-8615-77AC28F57B4A}.Ad-Hoc|iPhone.ActiveCfg = Ad-Hoc|iPhone
		{BB6D1BE4-E4BD-4AA7-8615-77AC28F57B4A}.Ad-Hoc|iPhone.Build.0 = Ad-Hoc|iPhone
		{BB6D1BE4-E4BD-4AA7-8615-77AC28F57B4A}.Ad-Hoc|iPhoneSimulator.ActiveCfg = Ad-Hoc|iPhoneSimulator
		{BB6D1BE4-E4BD-4AA7-8615-77AC28F57B4A}.Ad-Hoc|iPhoneSimulator.Build.0 = Ad-Hoc|iPhoneSimulator
		{BB6D1BE4-E4BD-4AA7-8615-77AC28F57B4A}.Ad-Hoc|x64.ActiveCfg = Ad-Hoc|iPhone
		{BB6D1BE4-E4BD-4AA7-8615-77AC28F57B4A}.Ad-Hoc|x86.ActiveCfg = Ad-Hoc|iPhone
		{BB6D1BE4-E4BD-4AA7-8615-77AC28F57B4A}.AppStore|Any CPU.ActiveCfg = AppStore|iPhone
		{BB6D1BE4-E4BD-4AA7-8615-77AC28F57B4A}.AppStore|ARM.ActiveCfg = AppStore|iPhone
		{BB6D1BE4-E4BD-4AA7-8615-77AC28F57B4A}.AppStore|iPhone.ActiveCfg = AppStore|iPhone
		{BB6D1BE4-E4BD-4AA7-8615-77AC28F57B4A}.AppStore|iPhone.Build.0 = AppStore|iPhone
		{BB6D1BE4-E4BD-4AA7-8615-77AC28F57B4A}.AppStore|iPhoneSimulator.ActiveCfg = AppStore|iPhoneSimulator
		{BB6D1BE4-E4BD-4AA7-8615-77AC28F57B4A}.AppStore|iPhoneSimulator.Build.0 = AppStore|iPhoneSimulator
		{BB6D1BE4-E4BD-4AA7-8615-77AC28F57B4A}.AppStore|x64.ActiveCfg = AppStore|iPhone
		{BB6D1BE4-E4BD-4AA7-8615-77AC28F57B4A}.AppStore|x86.ActiveCfg = AppStore|iPhone
		{BB6D1BE4-E4BD-4AA7-8615-77AC28F57B4A}.Debug|Any CPU.ActiveCfg = Debug|iPhone
		{BB6D1BE4-E4BD-4AA7-8615-77AC28F57B4A}.Debug|ARM.ActiveCfg = Debug|iPhone
		{BB6D1BE4-E4BD-4AA7-8615-77AC28F57B4A}.Debug|iPhone.ActiveCfg = Debug|iPhone
		{BB6D1BE4-E4BD-4AA7-8615-77AC28F57B4A}.Debug|iPhone.Build.0 = Debug|iPhone
		{BB6D1BE4-E4BD-4AA7-8615-77AC28F57B4A}.Debug|iPhoneSimulator.ActiveCfg = Debug|iPhoneSimulator
		{BB6D1BE4-E4BD-4AA7-8615-77AC28F57B4A}.Debug|iPhoneSimulator.Build.0 = Debug|iPhoneSimulator
		{BB6D1BE4-E4BD-4AA7-8615-77AC28F57B4A}.Debug|x64.ActiveCfg = Debug|iPhone
		{BB6D1BE4-E4BD-4AA7-8615-77AC28F57B4A}.Debug|x86.ActiveCfg = Debug|iPhone
		{BB6D1BE4-E4BD-4AA7-8615-77AC28F57B4A}.Release|Any CPU.ActiveCfg = Release|iPhone
		{BB6D1BE4-E4BD-4AA7-8615-77AC28F57B4A}.Release|ARM.ActiveCfg = Release|iPhone
		{BB6D1BE4-E4BD-4AA7-8615-77AC28F57B4A}.Release|iPhone.ActiveCfg = Release|iPhone
		{BB6D1BE4-E4BD-4AA7-8615-77AC28F57B4A}.Release|iPhone.Build.0 = Release|iPhone
		{BB6D1BE4-E4BD-4AA7-8615-77AC28F57B4A}.Release|iPhoneSimulator.ActiveCfg = Release|iPhoneSimulator
		{BB6D1BE4-E4BD-4AA7-8615-77AC28F57B4A}.Release|iPhoneSimulator.Build.0 = Release|iPhoneSimulator
		{BB6D1BE4-E4BD-4AA7-8615-77AC28F57B4A}.Release|x64.ActiveCfg = Release|iPhone
		{BB6D1BE4-E4BD-4AA7-8615-77AC28F57B4A}.Release|x86.ActiveCfg = Release|iPhone
	EndGlobalSection
	GlobalSection(SolutionProperties) = preSolution
		HideSolutionNode = FALSE
	EndGlobalSection
	GlobalSection(ExtensibilityGlobals) = postSolution
		SolutionGuid = {7EAD20D0-F729-4FB4-951D-62C53A43247D}
	EndGlobalSection
EndGlobal
